
Microsoft Visual Studio Solution File, Format Version 12.00
# Visual Studio Version 17
VisualStudioVersion = 17.0.31903.59
MinimumVisualStudioVersion = 10.0.40219.1
Project("{FAE04EC0-301F-11D3-BF4B-00C04F79EFBC}") = "LabsLibrary", "LabsLibrary\LabsLibrary.csproj", "{423D5B09-F16C-4D0E-AF86-AE670872256F}"
EndProject
Project("{FAE04EC0-301F-11D3-BF4B-00C04F79EFBC}") = "LabsConsoleApp", "LabsConsoleApp\LabsConsoleApp.csproj", "{D27405E4-25A3-4F26-943D-D33D788E1367}"
EndProject
Global
	GlobalSection(SolutionConfigurationPlatforms) = preSolution
		Debug|Any CPU = Debug|Any CPU
		Release|Any CPU = Release|Any CPU
	EndGlobalSection
	GlobalSection(SolutionProperties) = preSolution
		HideSolutionNode = FALSE
	EndGlobalSection
	GlobalSection(ProjectConfigurationPlatforms) = postSolution
		{423D5B09-F16C-4D0E-AF86-AE670872256F}.Debug|Any CPU.ActiveCfg = Debug|Any CPU
		{423D5B09-F16C-4D0E-AF86-AE670872256F}.Debug|Any CPU.Build.0 = Debug|Any CPU
		{423D5B09-F16C-4D0E-AF86-AE670872256F}.Release|Any CPU.ActiveCfg = Release|Any CPU
		{423D5B09-F16C-4D0E-AF86-AE670872256F}.Release|Any CPU.Build.0 = Release|Any CPU
		{D27405E4-25A3-4F26-943D-D33D788E1367}.Debug|Any CPU.ActiveCfg = Debug|Any CPU
		{D27405E4-25A3-4F26-943D-D33D788E1367}.Debug|Any CPU.Build.0 = Debug|Any CPU
		{D27405E4-25A3-4F26-943D-D33D788E1367}.Release|Any CPU.ActiveCfg = Release|Any CPU
		{D27405E4-25A3-4F26-943D-D33D788E1367}.Release|Any CPU.Build.0 = Release|Any CPU
	EndGlobalSection
EndGlobal
